
Microsoft Visual Studio Solution File, Format Version 12.00
# Visual Studio Version 17
VisualStudioVersion = 17.1.32228.430
MinimumVisualStudioVersion = 10.0.40219.1
Project("{FAE04EC0-301F-11D3-BF4B-00C04F79EFBC}") = "DateTimeProgram", "DateTimeProgram\DateTimeProgram.csproj", "{7AA62337-7EDB-4923-9EE6-CF40A2EF89BC}"
EndProject
Global
	GlobalSection(SolutionConfigurationPlatforms) = preSolution
		Debug|Any CPU = Debug|Any CPU
		Release|Any CPU = Release|Any CPU
	EndGlobalSection
	GlobalSection(ProjectConfigurationPlatforms) = postSolution
		{7AA62337-7EDB-4923-9EE6-CF40A2EF89BC}.Debug|Any CPU.ActiveCfg = Debug|Any CPU
		{7AA62337-7EDB-4923-9EE6-CF40A2EF89BC}.Debug|Any CPU.Build.0 = Debug|Any CPU
		{7AA62337-7EDB-4923-9EE6-CF40A2EF89BC}.Release|Any CPU.ActiveCfg = Release|Any CPU
		{7AA62337-7EDB-4923-9EE6-CF40A2EF89BC}.Release|Any CPU.Build.0 = Release|Any CPU
	EndGlobalSection
	GlobalSection(SolutionProperties) = preSolution
		HideSolutionNode = FALSE
	EndGlobalSection
	GlobalSection(ExtensibilityGlobals) = postSolution
		SolutionGuid = {44044681-E63C-475D-BA5A-3DC355C3420E}
	EndGlobalSection
EndGlobal
